Microsoft Visual Studio Solution File, Format Version 12.00
# Visual Studio Version 17
VisualStudioVersion = 17.5.2.0
MinimumVisualStudioVersion = 10.0.40219.1
Project("{FAE04EC0-301F-11D3-BF4B-00C04F79EFBC}") = "CertificateAPI", "CertificateAPI.csproj", "{954C12E7-74F3-1E88-34E6-3D36BF0DE6CE}"
EndProject
Global
	GlobalSection(SolutionConfigurationPlatforms) = preSolution
		Debug|Any CPU = Debug|Any CPU
		Release|Any CPU = Release|Any CPU
	EndGlobalSection
	GlobalSection(ProjectConfigurationPlatforms) = postSolution
		{954C12E7-74F3-1E88-34E6-3D36BF0DE6CE}.Debug|Any CPU.ActiveCfg = Debug|Any CPU
		{954C12E7-74F3-1E88-34E6-3D36BF0DE6CE}.Debug|Any CPU.Build.0 = Debug|Any CPU
		{954C12E7-74F3-1E88-34E6-3D36BF0DE6CE}.Release|Any CPU.ActiveCfg = Release|Any CPU
		{954C12E7-74F3-1E88-34E6-3D36BF0DE6CE}.Release|Any CPU.Build.0 = Release|Any CPU
	EndGlobalSection
	GlobalSection(SolutionProperties) = preSolution
		HideSolutionNode = FALSE
	EndGlobalSection
	GlobalSection(ExtensibilityGlobals) = postSolution
		SolutionGuid = {04FEA644-AEAA-457A-ACBC-2C0BF5204631}
	EndGlobalSection
EndGlobal
